// !$*UTF8*$!
{
	archiveVersion = 1;
	classes = {
	};
	objectVersion = 46;
	objects = {

/* Begin PBXBuildFile section */
		2D0B73071CA19E100050BEE4 /* main.m in Sources */ = {isa = PBXBuildFile; fileRef = 2D0B73061CA19E100050BEE4 /* main.m */; };
		2D0B730A1CA19E100050BEE4 /* AppDelegate.m in Sources */ = {isa = PBXBuildFile; fileRef = 2D0B73091CA19E100050BEE4 /* AppDelegate.m */; };
		2D0B730D1CA19E100050BEE4 /* ViewController.m in Sources */ = {isa = PBXBuildFile; fileRef = 2D0B730C1CA19E100050BEE4 /* ViewController.m */; };
		2D0B73101CA19E100050BEE4 /* Main.storyboard in Resources */ = {isa = PBXBuildFile; fileRef = 2D0B730E1CA19E100050BEE4 /* Main.storyboard */; };
		2D0B73121CA19E100050BEE4 /* Assets.xcassets in Resources */ = {isa = PBXBuildFile; fileRef = 2D0B73111CA19E100050BEE4 /* Assets.xcassets */; };
		2D0B73151CA19E100050BEE4 /* LaunchScreen.storyboard in Resources */ = {isa = PBXBuildFile; fileRef = 2D0B73131CA19E100050BEE4 /* LaunchScreen.storyboard */; };
		2D0B73201CA19E100050BEE4 /* UITextFieldShowcasesTests.m in Sources */ = {isa = PBXBuildFile; fileRef = 2D0B731F1CA19E100050BEE4 /* UITextFieldShowcasesTests.m */; };
		2D0B732B1CA19E100050BEE4 /* UITextFieldShowcasesUITests.m in Sources */ = {isa = PBXBuildFile; fileRef = 2D0B732A1CA19E100050BEE4 /* UITextFieldShowcasesUITests.m */; };
/* End PBXBuildFile section */

/* Begin PBXContainerItemProxy section */
		2D0B731C1CA19E100050BEE4 /* PBXContainerItemProxy */ = {
			isa = PBXContainerItemProxy;
			containerPortal = 2D0B72FA1CA19E100050BEE4 /* Project object */;
			proxyType = 1;
			remoteGlobalIDString = 2D0B73011CA19E100050BEE4;
			remoteInfo = UITextFieldShowcases;
		};
		2D0B73271CA19E100050BEE4 /* PBXContainerItemProxy */ = {
			isa = PBXContainerItemProxy;
			containerPortal = 2D0B72FA1CA19E100050BEE4 /* Project object */;
			proxyType = 1;
			remoteGlobalIDString = 2D0B73011CA19E100050BEE4;
			remoteInfo = UITextFieldShowcases;
		};
/* End PBXContainerItemProxy section */

/* Begin PBXFileReference section */
		2D0B73021CA19E100050BEE4 /* UITextFieldShowcases.app */ = {isa = PBXFileReference; explicitFileType = wrapper.application; includeInIndex = 0; path = UITextFieldShowcases.app; sourceTree = BUILT_PRODUCTS_DIR; };
		2D0B73061CA19E100050BEE4 /* main.m */ = {isa = PBXFileReference; lastKnownFileType = sourcecode.c.objc; path = main.m; sourceTree = "<group>"; };
		2D0B73081CA19E100050BEE4 /* AppDelegate.h */ = {isa = PBXFileReference; lastKnownFileType = sourcecode.c.h; path = AppDelegate.h; sourceTree = "<group>"; };
		2D0B73091CA19E100050BEE4 /* AppDelegate.m */ = {isa = PBXFileReference; lastKnownFileType = sourcecode.c.objc; path = AppDelegate.m; sourceTree = "<group>"; };
		2D0B730B1CA19E100050BEE4 /* ViewController.h */ = {isa = PBXFileReference; lastKnownFileType = sourcecode.c.h; path = ViewController.h; sourceTree = "<group>"; };
		2D0B730C1CA19E100050BEE4 /* ViewController.m */ = {isa = PBXFileReference; lastKnownFileType = sourcecode.c.objc; path = ViewController.m; sourceTree = "<group>"; };
		2D0B730F1CA19E100050BEE4 /* Base */ = {isa = PBXFileReference; lastKnownFileType = file.storyboard; name = Base; path = Base.lproj/Main.storyboard; sourceTree = "<group>"; };
		2D0B73111CA19E100050BEE4 /* Assets.xcassets */ = {isa = PBXFileReference; lastKnownFileType = folder.assetcatalog; path = Assets.xcassets; sourceTree = "<group>"; };
		2D0B73141CA19E100050BEE4 /* Base */ = {isa = PBXFileReference; lastKnownFileType = file.storyboard; name = Base; path = Base.lproj/LaunchScreen.storyboard; sourceTree = "<group>"; };
		2D0B73161CA19E100050BEE4 /* Info.plist */ = {isa = PBXFileReference; lastKnownFileType = text.plist.xml; path = Info.plist; sourceTree = "<group>"; };
		2D0B731B1CA19E100050BEE4 /* UITextFieldShowcasesTests.xctest */ = {isa = PBXFileReference; explicitFileType = wrapper.cfbundle; includeInIndex = 0; path = UITextFieldShowcasesTests.xctest; sourceTree = BUILT_PRODUCTS_DIR; };
		2D0B731F1CA19E100050BEE4 /* UITextFieldShowcasesTests.m */ = {isa = PBXFileReference; lastKnownFileType = sourcecode.c.objc; path = UITextFieldShowcasesTests.m; sourceTree = "<group>"; };
		2D0B73211CA19E100050BEE4 /* Info.plist */ = {isa = PBXFileReference; lastKnownFileType = text.plist.xml; path = Info.plist; sourceTree = "<group>"; };
		2D0B73261CA19E100050BEE4 /* UITextFieldShowcasesUITests.xctest */ = {isa = PBXFileReference; explicitFileType = wrapper.cfbundle; includeInIndex = 0; path = UITextFieldShowcasesUITests.xctest; sourceTree = BUILT_PRODUCTS_DIR; };
		2D0B732A1CA19E100050BEE4 /* UITextFieldShowcasesUITests.m */ = {isa = PBXFileReference; lastKnownFileType = sourcecode.c.objc; path = UITextFieldShowcasesUITests.m; sourceTree = "<group>"; };
		2D0B732C1CA19E100050BEE4 /* Info.plist */ = {isa = PBXFileReference; lastKnownFileType = text.plist.xml; path = Info.plist; sourceTree = "<group>"; };
/* End PBXFileReference section */

/* Begin PBXFrameworksBuildPhase section */
		2D0B72FF1CA19E100050BEE4 /* Frameworks */ = {
			isa = PBXFrameworksBuildPhase;
			buildActionMask = 2147483647;
			files = (
			);
			runOnlyForDeploymentPostprocessing = 0;
		};
		2D0B73181CA19E100050BEE4 /* Frameworks */ = {
			isa = PBXFrameworksBuildPhase;
			buildActionMask = 2147483647;
			files = (
			);
			runOnlyForDeploymentPostprocessing = 0;
		};
		2D0B73231CA19E100050BEE4 /* Frameworks */ = {
			isa = PBXFrameworksBuildPhase;
			buildActionMask = 2147483647;
			files = (
			);
			runOnlyForDeploymentPostprocessing = 0;
		};
/* End PBXFrameworksBuildPhase section */

/* Begin PBXGroup section */
		2D0B72F91CA19E100050BEE4 = {
			isa = PBXGroup;
			children = (
				2D0B73041CA19E100050BEE4 /* UITextFieldShowcases */,
				2D0B731E1CA19E100050BEE4 /* UITextFieldShowcasesTests */,
				2D0B73291CA19E100050BEE4 /* UITextFieldShowcasesUITests */,
				2D0B73031CA19E100050BEE4 /* Products */,
			);
			sourceTree = "<group>";
		};
		2D0B73031CA19E100050BEE4 /* Products */ = {
			isa = PBXGroup;
			children = (
				2D0B73021CA19E100050BEE4 /* UITextFieldShowcases.app */,
				2D0B731B1CA19E100050BEE4 /* UITextFieldShowcasesTests.xctest */,
				2D0B73261CA19E100050BEE4 /* UITextFieldShowcasesUITests.xctest */,
			);
			name = Products;
			sourceTree = "<group>";
		};
		2D0B73041CA19E100050BEE4 /* UITextFieldShowcases */ = {
			isa = PBXGroup;
			children = (
				2D0B73081CA19E100050BEE4 /* AppDelegate.h */,
				2D0B73091CA19E100050BEE4 /* AppDelegate.m */,
				2D0B730B1CA19E100050BEE4 /* ViewController.h */,
				2D0B730C1CA19E100050BEE4 /* ViewController.m */,
				2D0B730E1CA19E100050BEE4 /* Main.storyboard */,
				2D0B73111CA19E100050BEE4 /* Assets.xcassets */,
				2D0B73131CA19E100050BEE4 /* LaunchScreen.storyboard */,
				2D0B73161CA19E100050BEE4 /* Info.plist */,
				2D0B73051CA19E100050BEE4 /* Supporting Files */,
			);
			path = UITextFieldShowcases;
			sourceTree = "<group>";
		};
		2D0B73051CA19E100050BEE4 /* Supporting Files */ = {
			isa = PBXGroup;
			children = (
				2D0B73061CA19E100050BEE4 /* main.m */,
			);
			name = "Supporting Files";
			sourceTree = "<group>";
		};
		2D0B731E1CA19E100050BEE4 /* UITextFieldShowcasesTests */ = {
			isa = PBXGroup;
			children = (
				2D0B731F1CA19E100050BEE4 /* UITextFieldShowcasesTests.m */,
				2D0B73211CA19E100050BEE4 /* Info.plist */,
			);
			path = UITextFieldShowcasesTests;
			sourceTree = "<group>";
		};
		2D0B73291CA19E100050BEE4 /* UITextFieldShowcasesUITests */ = {
			isa = PBXGroup;
			children = (
				2D0B732A1CA19E100050BEE4 /* UITextFieldShowcasesUITests.m */,
				2D0B732C1CA19E100050BEE4 /* Info.plist */,
			);
			path = UITextFieldShowcasesUITests;
			sourceTree = "<group>";
		};
/* End PBXGroup section */

/* Begin PBXNativeTarget section */
		2D0B73011CA19E100050BEE4 /* UITextFieldShowcases */ = {
			isa = PBXNativeTarget;
			buildConfigurationList = 2D0B732F1CA19E100050BEE4 /* Build configuration list for PBXNativeTarget "UITextFieldShowcases" */;
			buildPhases = (
				2D0B72FE1CA19E100050BEE4 /* Sources */,
				2D0B72FF1CA19E100050BEE4 /* Frameworks */,
				2D0B73001CA19E100050BEE4 /* Resources */,
			);
			buildRules = (
			);
			dependencies = (
			);
			name = UITextFieldShowcases;
			productName = UITextFieldShowcases;
			productReference = 2D0B73021CA19E100050BEE4 /* UITextFieldShowcases.app */;
			productType = "com.apple.product-type.application";
		};
		2D0B731A1CA19E100050BEE4 /* UITextFieldShowcasesTests */ = {
			isa = PBXNativeTarget;
			buildConfigurationList = 2D0B73321CA19E100050BEE4 /* Build configuration list for PBXNativeTarget "UITextFieldShowcasesTests" */;
			buildPhases = (
				2D0B73171CA19E100050BEE4 /* Sources */,
				2D0B73181CA19E100050BEE4 /* Frameworks */,
				2D0B73191CA19E100050BEE4 /* Resources */,
			);
			buildRules = (
			);
			dependencies = (
				2D0B731D1CA19E100050BEE4 /* PBXTargetDependency */,
			);
			name = UITextFieldShowcasesTests;
			productName = UITextFieldShowcasesTests;
			productReference = 2D0B731B1CA19E100050BEE4 /* UITextFieldShowcasesTests.xctest */;
			productType = "com.apple.product-type.bundle.unit-test";
		};
		2D0B73251CA19E100050BEE4 /* UITextFieldShowcasesUITests */ = {
			isa = PBXNativeTarget;
			buildConfigurationList = 2D0B73351CA19E100050BEE4 /* Build configuration list for PBXNativeTarget "UITextFieldShowcasesUITests" */;
			buildPhases = (
				2D0B73221CA19E100050BEE4 /* Sources */,
				2D0B73231CA19E100050BEE4 /* Frameworks */,
				2D0B73241CA19E100050BEE4 /* Resources */,
			);
			buildRules = (
			);
			dependencies = (
				2D0B73281CA19E100050BEE4 /* PBXTargetDependency */,
			);
			name = UITextFieldShowcasesUITests;
			productName = UITextFieldShowcasesUITests;
			productReference = 2D0B73261CA19E100050BEE4 /* UITextFieldShowcasesUITests.xctest */;
			productType = "com.apple.product-type.bundle.ui-testing";
		};
/* End PBXNativeTarget section */

/* Begin PBXProject section */
		2D0B72FA1CA19E100050BEE4 /* Project object */ = {
			isa = PBXProject;
			attributes = {
				LastUpgradeCheck = 0720;
				ORGANIZATIONNAME = "Ryan Lee";
				TargetAttributes = {
					2D0B73011CA19E100050BEE4 = {
						CreatedOnToolsVersion = 7.2.1;
					};
					2D0B731A1CA19E100050BEE4 = {
						CreatedOnToolsVersion = 7.2.1;
						TestTargetID = 2D0B73011CA19E100050BEE4;
					};
					2D0B73251CA19E100050BEE4 = {
						CreatedOnToolsVersion = 7.2.1;
						TestTargetID = 2D0B73011CA19E100050BEE4;
					};
				};
			};
			buildConfigurationList = 2D0B72FD1CA19E100050BEE4 /* Build configuration list for PBXProject "UITextFieldShowcases" */;
			compatibilityVersion = "Xcode 3.2";
			developmentRegion = English;
			hasScannedForEncodings = 0;
			knownRegions = (
				en,
				Base,
			);
			mainGroup = 2D0B72F91CA19E100050BEE4;
			productRefGroup = 2D0B73031CA19E100050BEE4 /* Products */;
			projectDirPath = "";
			projectRoot = "";
			targets = (
				2D0B73011CA19E100050BEE4 /* UITextFieldShowcases */,
				2D0B731A1CA19E100050BEE4 /* UITextFieldShowcasesTests */,
				2D0B73251CA19E100050BEE4 /* UITextFieldShowcasesUITests */,
			);
		};
/* End PBXProject section */

/* Begin PBXResourcesBuildPhase section */
		2D0B73001CA19E100050BEE4 /* Resources */ = {
			isa = PBXResourcesBuildPhase;
			buildActionMask = 2147483647;
			files = (
				2D0B73151CA19E100050BEE4 /* LaunchScreen.storyboard in Resources */,
				2D0B73121CA19E100050BEE4 /* Assets.xcassets in Resources */,
				2D0B73101CA19E100050BEE4 /* Main.storyboard in Resources */,
			);
			runOnlyForDeploymentPostprocessing = 0;
		};
		2D0B73191CA19E100050BEE4 /* Resources */ = {
			isa = PBXResourcesBuildPhase;
			buildActionMask = 2147483647;
			files = (
			);
			runOnlyForDeploymentPostprocessing = 0;
		};
		2D0B73241CA19E100050BEE4 /* Resources */ = {
			isa = PBXResourcesBuildPhase;
			buildActionMask = 2147483647;
			files = (
			);
			runOnlyForDeploymentPostprocessing = 0;
		};
/* End PBXResourcesBuildPhase section */

/* Begin PBXSourcesBuildPhase section */
		2D0B72FE1CA19E100050BEE4 /* Sources */ = {
			isa = PBXSourcesBuildPhase;
			buildActionMask = 2147483647;
			files = (
				2D0B730D1CA19E100050BEE4 /* ViewController.m in Sources */,
				2D0B730A1CA19E100050BEE4 /* AppDelegate.m in Sources */,
				2D0B73071CA19E100050BEE4 /* main.m in Sources */,
			);
			runOnlyForDeploymentPostprocessing = 0;
		};
		2D0B73171CA19E100050BEE4 /* Sources */ = {
			isa = PBXSourcesBuildPhase;
			buildActionMask = 2147483647;
			files = (
				2D0B73201CA19E100050BEE4 /* UITextFieldShowcasesTests.m in Sources */,
			);
			runOnlyForDeploymentPostprocessing = 0;
		};
		2D0B73221CA19E100050BEE4 /* Sources */ = {
			isa = PBXSourcesBuildPhase;
			buildActionMask = 2147483647;
			files = (
				2D0B732B1CA19E100050BEE4 /* UITextFieldShowcasesUITests.m in Sources */,
			);
			runOnlyForDeploymentPostprocessing = 0;
		};
/* End PBXSourcesBuildPhase section */

/* Begin PBXTargetDependency section */
		2D0B731D1CA19E100050BEE4 /* PBXTargetDependency */ = {
			isa = PBXTargetDependency;
			target = 2D0B73011CA19E100050BEE4 /* UITextFieldShowcases */;
			targetProxy = 2D0B731C1CA19E100050BEE4 /* PBXContainerItemProxy */;
		};
		2D0B73281CA19E100050BEE4 /* PBXTargetDependency */ = {
			isa = PBXTargetDependency;
			target = 2D0B73011CA19E100050BEE4 /* UITextFieldShowcases */;
			targetProxy = 2D0B73271CA19E100050BEE4 /* PBXContainerItemProxy */;
		};
/* End PBXTargetDependency section */

/* Begin PBXVariantGroup section */
		2D0B730E1CA19E100050BEE4 /* Main.storyboard */ = {
			isa = PBXVariantGroup;
			children = (
				2D0B730F1CA19E100050BEE4 /* Base */,
			);
			name = Main.storyboard;
			sourceTree = "<group>";
		};
		2D0B73131CA19E100050BEE4 /* LaunchScreen.storyboard */ = {
			isa = PBXVariantGroup;
			children = (
				2D0B73141CA19E100050BEE4 /* Base */,
			);
			name = LaunchScreen.storyboard;
			sourceTree = "<group>";
		};
/* End PBXVariantGroup section */

/* Begin XCBuildConfiguration section */
		2D0B732D1CA19E100050BEE4 /* Debug */ = {
			isa = XCBuildConfiguration;
			buildSettings = {
				ALWAYS_SEARCH_USER_PATHS = NO;
				CLANG_CXX_LANGUAGE_STANDARD = "gnu++0x";
				CLANG_CXX_LIBRARY = "libc++";
				CLANG_ENABLE_MODULES = YES;
				CLANG_ENABLE_OBJC_ARC = YES;
				CLANG_WARN_BOOL_CONVERSION = YES;
				CLANG_WARN_CONSTANT_CONVERSION = YES;
				CLANG_WARN_DIRECT_OBJC_ISA_USAGE = YES_ERROR;
				CLANG_WARN_EMPTY_BODY = YES;
				CLANG_WARN_ENUM_CONVERSION = YES;
				CLANG_WARN_INT_CONVERSION = YES;
				CLANG_WARN_OBJC_ROOT_CLASS = YES_ERROR;
				CLANG_WARN_UNREACHABLE_CODE = YES;
				CLANG_WARN__DUPLICATE_METHOD_MATCH = YES;
				"CODE_SIGN_IDENTITY[sdk=iphoneos*]" = "iPhone Developer";
				COPY_PHASE_STRIP = NO;
				DEBUG_INFORMATION_FORMAT = dwarf;
				ENABLE_STRICT_OBJC_MSGSEND = YES;
				ENABLE_TESTABILITY = YES;
				GCC_C_LANGUAGE_STANDARD = gnu99;
				GCC_DYNAMIC_NO_PIC = NO;
				GCC_NO_COMMON_BLOCKS = YES;
				GCC_OPTIMIZATION_LEVEL = 0;
				GCC_PREPROCESSOR_DEFINITIONS = (
					"DEBUG=1",
					"$(inherited)",
				);
				GCC_WARN_64_TO_32_BIT_CONVERSION = YES;
				GCC_WARN_ABOUT_RETURN_TYPE = YES_ERROR;
				GCC_WARN_UNDECLARED_SELECTOR = YES;
				GCC_WARN_UNINITIALIZED_AUTOS = YES_AGGRESSIVE;
				GCC_WARN_UNUSED_FUNCTION = YES;
				GCC_WARN_UNUSED_VARIABLE = YES;
				IPHONEOS_DEPLOYMENT_TARGET = 9.2;
				MTL_ENABLE_DEBUG_INFO = YES;
				ONLY_ACTIVE_ARCH = YES;
				SDKROOT = iphoneos;
				TARGETED_DEVICE_FAMILY = "1,2";
			};
			name = Debug;
		};
		2D0B732E1CA19E100050BEE4 /* Release */ = {
			isa = XCBuildConfiguration;
			buildSettings = {
				ALWAYS_SEARCH_USER_PATHS = NO;
				CLANG_CXX_LANGUAGE_STANDARD = "gnu++0x";
				CLANG_CXX_LIBRARY = "libc++";
				CLANG_ENABLE_MODULES = YES;
				CLANG_ENABLE_OBJC_ARC = YES;
				CLANG_WARN_BOOL_CONVERSION = YES;
				CLANG_WARN_CONSTANT_CONVERSION = YES;
				CLANG_WARN_DIRECT_OBJC_ISA_USAGE = YES_ERROR;
				CLANG_WARN_EMPTY_BODY = YES;
				CLANG_WARN_ENUM_CONVERSION = YES;
				CLANG_WARN_INT_CONVERSION = YES;
				CLANG_WARN_OBJC_ROOT_CLASS = YES_ERROR;
				CLANG_WARN_UNREACHABLE_CODE = YES;
				CLANG_WARN__DUPLICATE_METHOD_MATCH = YES;
				"CODE_SIGN_IDENTITY[sdk=iphoneos*]" = "iPhone Developer";
				COPY_PHASE_STRIP = NO;
				DEBUG_INFORMATION_FORMAT = "dwarf-with-dsym";
				ENABLE_NS_ASSERTIONS = NO;
				ENABLE_STRICT_OBJC_MSGSEND = YES;
				GCC_C_LANGUAGE_STANDARD = gnu99;
				GCC_NO_COMMON_BLOCKS = YES;
				GCC_WARN_64_TO_32_BIT_CONVERSION = YES;
				GCC_WARN_ABOUT_RETURN_TYPE = YES_ERROR;
				GCC_WARN_UNDECLARED_SELECTOR = YES;
				GCC_WARN_UNINITIALIZED_AUTOS = YES_AGGRESSIVE;
				GCC_WARN_UNUSED_FUNCTION = YES;
				GCC_WARN_UNUSED_VARIABLE = YES;
				IPHONEOS_DEPLOYMENT_TARGET = 9.2;
				MTL_ENABLE_DEBUG_INFO = NO;
				SDKROOT = iphoneos;
				TARGETED_DEVICE_FAMILY = "1,2";
				VALIDATE_PRODUCT = YES;
			};
			name = Release;
		};
		2D0B73301CA19E100050BEE4 /* Debug */ = {
			isa = XCBuildConfiguration;
			buildSettings = {
				ASSETCATALOG_COMPILER_APPICON_NAME = AppIcon;
				INFOPLIST_FILE = UITextFieldShowcases/Info.plist;
				LD_RUNPATH_SEARCH_PATHS = "$(inherited) @executable_path/Frameworks";
				PRODUCT_BUNDLE_IDENTIFIER = com.ryanzzff.UITextFieldShowcases;
				PRODUCT_NAME = "$(TARGET_NAME)";
			};
			name = Debug;
		};
		2D0B73311CA19E100050BEE4 /* Release */ = {
			isa = XCBuildConfiguration;
			buildSettings = {
				ASSETCATALOG_COMPILER_APPICON_NAME = AppIcon;
				INFOPLIST_FILE = UITextFieldShowcases/Info.plist;
				LD_RUNPATH_SEARCH_PATHS = "$(inherited) @executable_path/Frameworks";
				PRODUCT_BUNDLE_IDENTIFIER = com.ryanzzff.UITextFieldShowcases;
				PRODUCT_NAME = "$(TARGET_NAME)";
			};
			name = Release;
		};
		2D0B73331CA19E100050BEE4 /* Debug */ = {
			isa = XCBuildConfiguration;
			buildSettings = {
				BUNDLE_LOADER = "$(TEST_HOST)";
				INFOPLIST_FILE = UITextFieldShowcasesTests/Info.plist;
				LD_RUNPATH_SEARCH_PATHS = "$(inherited) @executable_path/Frameworks @loader_path/Frameworks";
				PRODUCT_BUNDLE_IDENTIFIER = com.ryanzzff.UITextFieldShowcasesTests;
				PRODUCT_NAME = "$(TARGET_NAME)";
				TEST_HOST = "$(BUILT_PRODUCTS_DIR)/UITextFieldShowcases.app/UITextFieldShowcases";
			};
			name = Debug;
		};
		2D0B73341CA19E100050BEE4 /* Release */ = {
			isa = XCBuildConfiguration;
			buildSettings = {
				BUNDLE_LOADER = "$(TEST_HOST)";
				INFOPLIST_FILE = UITextFieldShowcasesTests/Info.plist;
				LD_RUNPATH_SEARCH_PATHS = "$(inherited) @executable_path/Frameworks @loader_path/Frameworks";
				PRODUCT_BUNDLE_IDENTIFIER = com.ryanzzff.UITextFieldShowcasesTests;
				PRODUCT_NAME = "$(TARGET_NAME)";
				TEST_HOST = "$(BUILT_PRODUCTS_DIR)/UITextFieldShowcases.app/UITextFieldShowcases";
			};
			name = Release;
		};
		2D0B73361CA19E100050BEE4 /* Debug */ = {
			isa = XCBuildConfiguration;
			buildSettings = {
				INFOPLIST_FILE = UITextFieldShowcasesUITests/Info.plist;
				LD_RUNPATH_SEARCH_PATHS = "$(inherited) @executable_path/Frameworks @loader_path/Frameworks";
				PRODUCT_BUNDLE_IDENTIFIER = com.ryanzzff.UITextFieldShowcasesUITests;
				PRODUCT_NAME = "$(TARGET_NAME)";
				TEST_TARGET_NAME = UITextFieldShowcases;
				USES_XCTRUNNER = YES;
			};
			name = Debug;
		};
		2D0B73371CA19E100050BEE4 /* Release */ = {
			isa = XCBuildConfiguration;
			buildSettings = {
				INFOPLIST_FILE = UITextFieldShowcasesUITests/Info.plist;
				LD_RUNPATH_SEARCH_PATHS = "$(inherited) @executable_path/Frameworks @loader_path/Frameworks";
				PRODUCT_BUNDLE_IDENTIFIER = com.ryanzzff.UITextFieldShowcasesUITests;
				PRODUCT_NAME = "$(TARGET_NAME)";
				TEST_TARGET_NAME = UITextFieldShowcases;
				USES_XCTRUNNER = YES;
			};
			name = Release;
		};
/* End XCBuildConfiguration section */

/* Begin XCConfigurationList section */
		2D0B72FD1CA19E100050BEE4 /* Build configuration list for PBXProject "UITextFieldShowcases" */ = {
			isa = XCConfigurationList;
			buildConfigurations = (
				2D0B732D1CA19E100050BEE4 /* Debug */,
				2D0B732E1CA19E100050BEE4 /* Release */,
			);
			defaultConfigurationIsVisible = 0;
			defaultConfigurationName = Release;
		};
		2D0B732F1CA19E100050BEE4 /* Build configuration list for PBXNativeTarget "UITextFieldShowcases" */ = {
			isa = XCConfigurationList;
			buildConfigurations = (
				2D0B73301CA19E100050BEE4 /* Debug */,
				2D0B73311CA19E100050BEE4 /* Release */,
			);
			defaultConfigurationIsVisible = 0;
		};
		2D0B73321CA19E100050BEE4 /* Build configuration list for PBXNativeTarget "UITextFieldShowcasesTests" */ = {
			isa = XCConfigurationList;
			buildConfigurations = (
				2D0B73331CA19E100050BEE4 /* Debug */,
				2D0B73341CA19E100050BEE4 /* Release */,
			);
			defaultConfigurationIsVisible = 0;
		};
		2D0B73351CA19E100050BEE4 /* Build configuration list for PBXNativeTarget "UITextFieldShowcasesUITests" */ = {
			isa = XCConfigurationList;
			buildConfigurations = (
				2D0B73361CA19E100050BEE4 /* Debug */,
				2D0B73371CA19E100050BEE4 /* Release */,
			);
			defaultConfigurationIsVisible = 0;
		};
/* End XCConfigurationList section */
	};
	rootObject = 2D0B72FA1CA19E100050BEE4 /* Project object */;
}
